
Microsoft Visual Studio Solution File, Format Version 12.00
# Visual Studio Version 16
VisualStudioVersion = 16.0.29806.167
MinimumVisualStudioVersion = 10.0.40219.1
Project("{FAE04EC0-301F-11D3-BF4B-00C04F79EFBC}") = "BTLcnpm", "BTLcnpm\BTLcnpm.csproj", "{E527E856-FDE9-4314-9E4C-742BFB834050}"
EndProject
Project("{FAE04EC0-301F-11D3-BF4B-00C04F79EFBC}") = "Model", "Model\Model.csproj", "{5586F5FD-7844-42F2-82EB-EAD7AF2F9CA7}"
EndProject
Project("{FAE04EC0-301F-11D3-BF4B-00C04F79EFBC}") = "Bank", "Bank\Bank.csproj", "{CDFC709B-53DB-4513-9D8B-F96D20A9925E}"
EndProject
Global
	GlobalSection(SolutionConfigurationPlatforms) = preSolution
		Debug|Any CPU = Debug|Any CPU
		Release|Any CPU = Release|Any CPU
	EndGlobalSection
	GlobalSection(ProjectConfigurationPlatforms) = postSolution
		{E527E856-FDE9-4314-9E4C-742BFB834050}.Debug|Any CPU.ActiveCfg = Debug|Any CPU
		{E527E856-FDE9-4314-9E4C-742BFB834050}.Debug|Any CPU.Build.0 = Debug|Any CPU
		{E527E856-FDE9-4314-9E4C-742BFB834050}.Release|Any CPU.ActiveCfg = Release|Any CPU
		{E527E856-FDE9-4314-9E4C-742BFB834050}.Release|Any CPU.Build.0 = Release|Any CPU
		{5586F5FD-7844-42F2-82EB-EAD7AF2F9CA7}.Debug|Any CPU.ActiveCfg = Debug|Any CPU
		{5586F5FD-7844-42F2-82EB-EAD7AF2F9CA7}.Debug|Any CPU.Build.0 = Debug|Any CPU
		{5586F5FD-7844-42F2-82EB-EAD7AF2F9CA7}.Release|Any CPU.ActiveCfg = Release|Any CPU
		{5586F5FD-7844-42F2-82EB-EAD7AF2F9CA7}.Release|Any CPU.Build.0 = Release|Any CPU
		{CDFC709B-53DB-4513-9D8B-F96D20A9925E}.Debug|Any CPU.ActiveCfg = Debug|Any CPU
		{CDFC709B-53DB-4513-9D8B-F96D20A9925E}.Debug|Any CPU.Build.0 = Debug|Any CPU
		{CDFC709B-53DB-4513-9D8B-F96D20A9925E}.Release|Any CPU.ActiveCfg = Release|Any CPU
		{CDFC709B-53DB-4513-9D8B-F96D20A9925E}.Release|Any CPU.Build.0 = Release|Any CPU
	EndGlobalSection
	GlobalSection(SolutionProperties) = preSolution
		HideSolutionNode = FALSE
	EndGlobalSection
	GlobalSection(ExtensibilityGlobals) = postSolution
		SolutionGuid = {7FA326DD-0939-48D4-ADB4-EB2CA9E9B60C}
	EndGlobalSection
EndGlobal
